
Microsoft Visual Studio Solution File, Format Version 12.00
# Visual Studio Version 16
VisualStudioVersion = 16.0.29911.84
MinimumVisualStudioVersion = 10.0.40219.1
Project("{9A19103F-16F7-4668-BE54-9A1E7A4F7556}") = "EmptyWebApplication", "EmptyWebApplication\EmptyWebApplication.csproj", "{FE1EDB00-34A8-4D09-99FF-63C621150EA8}"
EndProject
Project("{FAE04EC0-301F-11D3-BF4B-00C04F79EFBC}") = "Models", "Models\Models.csproj", "{A79DAF51-6101-4979-94A8-20A640616583}"
EndProject
Global
	GlobalSection(SolutionConfigurationPlatforms) = preSolution
		Debug|Any CPU = Debug|Any CPU
		Release|Any CPU = Release|Any CPU
	EndGlobalSection
	GlobalSection(ProjectConfigurationPlatforms) = postSolution
		{FE1EDB00-34A8-4D09-99FF-63C621150EA8}.Debug|Any CPU.ActiveCfg = Debug|Any CPU
		{FE1EDB00-34A8-4D09-99FF-63C621150EA8}.Debug|Any CPU.Build.0 = Debug|Any CPU
		{FE1EDB00-34A8-4D09-99FF-63C621150EA8}.Release|Any CPU.ActiveCfg = Release|Any CPU
		{FE1EDB00-34A8-4D09-99FF-63C621150EA8}.Release|Any CPU.Build.0 = Release|Any CPU
		{A79DAF51-6101-4979-94A8-20A640616583}.Debug|Any CPU.ActiveCfg = Debug|Any CPU
		{A79DAF51-6101-4979-94A8-20A640616583}.Debug|Any CPU.Build.0 = Debug|Any CPU
		{A79DAF51-6101-4979-94A8-20A640616583}.Release|Any CPU.ActiveCfg = Release|Any CPU
		{A79DAF51-6101-4979-94A8-20A640616583}.Release|Any CPU.Build.0 = Release|Any CPU
	EndGlobalSection
	GlobalSection(SolutionProperties) = preSolution
		HideSolutionNode = FALSE
	EndGlobalSection
	GlobalSection(ExtensibilityGlobals) = postSolution
		SolutionGuid = {47D1A810-8561-411B-9319-F4FBC7D50F89}
	EndGlobalSection
EndGlobal
